Microsoft Visual Studio Solution File, Format Version 11.00
# Visual Studio 2017

Project("{8BC9CEB8-8B4A-11D0-8D11-00A0C91BC942}") = "JuceTest - Standalone Plugin", "JuceTest_StandalonePlugin.vcxproj", "{497BEE0B-D002-5CA5-6017-38E403B457FA}"
	ProjectSection(ProjectDependencies) = postProject
		{72C82764-B56B-D672-E2ED-B61AFD7C0148} = {72C82764-B56B-D672-E2ED-B61AFD7C0148}
	EndProjectSection
EndProject
Project("{8BC9CEB8-8B4A-11D0-8D11-00A0C91BC942}") = "JuceTest - VST", "JuceTest_VST.vcxproj", "{D3B8210D-B1E0-1DC5-F5E5-4EAEB79F3730}"
	ProjectSection(ProjectDependencies) = postProject
		{72C82764-B56B-D672-E2ED-B61AFD7C0148} = {72C82764-B56B-D672-E2ED-B61AFD7C0148}
	EndProjectSection
EndProject
Project("{8BC9CEB8-8B4A-11D0-8D11-00A0C91BC942}") = "JuceTest - VST3", "JuceTest_VST3.vcxproj", "{36E0C814-54B9-A358-D079-DC252B6C614B}"
	ProjectSection(ProjectDependencies) = postProject
		{72C82764-B56B-D672-E2ED-B61AFD7C0148} = {72C82764-B56B-D672-E2ED-B61AFD7C0148}
	EndProjectSection
EndProject
Project("{8BC9CEB8-8B4A-11D0-8D11-00A0C91BC942}") = "JuceTest - Shared Code", "JuceTest_SharedCode.vcxproj", "{72C82764-B56B-D672-E2ED-B61AFD7C0148}"
EndProject
Global
	GlobalSection(SolutionConfigurationPlatforms) = preSolution
		Debug|x64 = Debug|x64
		Release|x64 = Release|x64
	EndGlobalSection
	GlobalSection(ProjectConfigurationPlatforms) = postSolution
		{D3B8210D-B1E0-1DC5-F5E5-4EAEB79F3730}.Debug|x64.ActiveCfg = Debug|x64
		{D3B8210D-B1E0-1DC5-F5E5-4EAEB79F3730}.Debug|x64.Build.0 = Debug|x64
		{D3B8210D-B1E0-1DC5-F5E5-4EAEB79F3730}.Release|x64.ActiveCfg = Release|x64
		{D3B8210D-B1E0-1DC5-F5E5-4EAEB79F3730}.Release|x64.Build.0 = Release|x64
		{36E0C814-54B9-A358-D079-DC252B6C614B}.Debug|x64.ActiveCfg = Debug|x64
		{36E0C814-54B9-A358-D079-DC252B6C614B}.Debug|x64.Build.0 = Debug|x64
		{36E0C814-54B9-A358-D079-DC252B6C614B}.Release|x64.ActiveCfg = Release|x64
		{36E0C814-54B9-A358-D079-DC252B6C614B}.Release|x64.Build.0 = Release|x64
		{497BEE0B-D002-5CA5-6017-38E403B457FA}.Debug|x64.ActiveCfg = Debug|x64
		{497BEE0B-D002-5CA5-6017-38E403B457FA}.Debug|x64.Build.0 = Debug|x64
		{497BEE0B-D002-5CA5-6017-38E403B457FA}.Release|x64.ActiveCfg = Release|x64
		{497BEE0B-D002-5CA5-6017-38E403B457FA}.Release|x64.Build.0 = Release|x64
		{72C82764-B56B-D672-E2ED-B61AFD7C0148}.Debug|x64.ActiveCfg = Debug|x64
		{72C82764-B56B-D672-E2ED-B61AFD7C0148}.Debug|x64.Build.0 = Debug|x64
		{72C82764-B56B-D672-E2ED-B61AFD7C0148}.Release|x64.ActiveCfg = Release|x64
		{72C82764-B56B-D672-E2ED-B61AFD7C0148}.Release|x64.Build.0 = Release|x64
	EndGlobalSection
	GlobalSection(SolutionProperties) = preSolution
		HideSolutionNode = FALSE
	EndGlobalSection
EndGlobal
